// !$*UTF8*$!
{
	archiveVersion = 1;
	classes = {
	};
	objectVersion = 50;
	objects = {

/* Begin PBXBuildFile section */
		6C5FF7E724AB75CF004B7973 /* AppDelegate.swift in Sources */ = {isa = PBXBuildFile; fileRef = 6C5FF7E624AB75CF004B7973 /* AppDelegate.swift */; };
		6C5FF7E924AB75CF004B7973 /* SceneDelegate.swift in Sources */ = {isa = PBXBuildFile; fileRef = 6C5FF7E824AB75CF004B7973 /* SceneDelegate.swift */; };
		6C5FF7EB24AB75CF004B7973 /* ViewController.swift in Sources */ = {isa = PBXBuildFile; fileRef = 6C5FF7EA24AB75CF004B7973 /* ViewController.swift */; };
		6C5FF7EE24AB75CF004B7973 /* Main.storyboard in Resources */ = {isa = PBXBuildFile; fileRef = 6C5FF7EC24AB75CF004B7973 /* Main.storyboard */; };
		6C5FF7F024AB75D7004B7973 /* Assets.xcassets in Resources */ = {isa = PBXBuildFile; fileRef = 6C5FF7EF24AB75D7004B7973 /* Assets.xcassets */; };
		6C5FF7F324AB75D7004B7973 /* LaunchScreen.storyboard in Resources */ = {isa = PBXBuildFile; fileRef = 6C5FF7F124AB75D7004B7973 /* LaunchScreen.storyboard */; };
		6C5FF80224AB97A6004B7973 /* NotificationService.swift in Sources */ = {isa = PBXBuildFile; fileRef = 6C5FF80124AB97A6004B7973 /* NotificationService.swift */; };
		6C5FF80624AB97A6004B7973 /* NotificationExtension.appex in Embed App Extensions */ = {isa = PBXBuildFile; fileRef = 6C5FF7FF24AB97A6004B7973 /* NotificationExtension.appex */; settings = {ATTRIBUTES = (RemoveHeadersOnCopy, ); }; };
		6C5FF81424ABA248004B7973 /* UserNotifications.framework in Frameworks */ = {isa = PBXBuildFile; fileRef = 6C5FF81324ABA248004B7973 /* UserNotifications.framework */; };
		6C5FF81624ABA249004B7973 /* UserNotificationsUI.framework in Frameworks */ = {isa = PBXBuildFile; fileRef = 6C5FF81524ABA248004B7973 /* UserNotificationsUI.framework */; };
		6C5FF81924ABA249004B7973 /* NotificationViewController.swift in Sources */ = {isa = PBXBuildFile; fileRef = 6C5FF81824ABA249004B7973 /* NotificationViewController.swift */; };
		6C5FF81C24ABA249004B7973 /* MainInterface.storyboard in Resources */ = {isa = PBXBuildFile; fileRef = 6C5FF81A24ABA249004B7973 /* MainInterface.storyboard */; };
		6C5FF82024ABA249004B7973 /* NotificationContent.appex in Embed App Extensions */ = {isa = PBXBuildFile; fileRef = 6C5FF81124ABA248004B7973 /* NotificationContent.appex */; settings = {ATTRIBUTES = (RemoveHeadersOnCopy, ); }; };
		6CA809CF24ACF0D300997DC3 /* PushModel.swift in Sources */ = {isa = PBXBuildFile; fileRef = 6CA809CE24ACF0D300997DC3 /* PushModel.swift */; };
		6CA809D224ACF2DF00997DC3 /* PushCell.swift in Sources */ = {isa = PBXBuildFile; fileRef = 6CA809D024ACF2DF00997DC3 /* PushCell.swift */; };
		6CA809D324ACF2DF00997DC3 /* PushCell.xib in Resources */ = {isa = PBXBuildFile; fileRef = 6CA809D124ACF2DF00997DC3 /* PushCell.xib */; };
/* End PBXBuildFile section */

/* Begin PBXContainerItemProxy section */
		6C5FF80424AB97A6004B7973 /* PBXContainerItemProxy */ = {
			isa = PBXContainerItemProxy;
			containerPortal = 6C5FF7DB24AB75CF004B7973 /* Project object */;
			proxyType = 1;
			remoteGlobalIDString = 6C5FF7FE24AB97A6004B7973;
			remoteInfo = NotificationExtension;
		};
		6C5FF81E24ABA249004B7973 /* PBXContainerItemProxy */ = {
			isa = PBXContainerItemProxy;
			containerPortal = 6C5FF7DB24AB75CF004B7973 /* Project object */;
			proxyType = 1;
			remoteGlobalIDString = 6C5FF81024ABA248004B7973;
			remoteInfo = NotificationContent;
		};
/* End PBXContainerItemProxy section */

/* Begin PBXCopyFilesBuildPhase section */
		6C5FF80A24AB97A6004B7973 /* Embed App Extensions */ = {
			isa = PBXCopyFilesBuildPhase;
			buildActionMask = 2147483647;
			dstPath = "";
			dstSubfolderSpec = 13;
			files = (
				6C5FF80624AB97A6004B7973 /* NotificationExtension.appex in Embed App Extensions */,
				6C5FF82024ABA249004B7973 /* NotificationContent.appex in Embed App Extensions */,
			);
			name = "Embed App Extensions";
			runOnlyForDeploymentPostprocessing = 0;
		};
/* End PBXCopyFilesBuildPhase section */

/* Begin PBXFileReference section */
		6C5FF7E324AB75CF004B7973 /* NotificationServiceExtension.app */ = {isa = PBXFileReference; explicitFileType = wrapper.application; includeInIndex = 0; path = NotificationServiceExtension.app; sourceTree = BUILT_PRODUCTS_DIR; };
		6C5FF7E624AB75CF004B7973 /* AppDelegate.swift */ = {isa = PBXFileReference; lastKnownFileType = sourcecode.swift; path = AppDelegate.swift; sourceTree = "<group>"; };
		6C5FF7E824AB75CF004B7973 /* SceneDelegate.swift */ = {isa = PBXFileReference; lastKnownFileType = sourcecode.swift; path = SceneDelegate.swift; sourceTree = "<group>"; };
		6C5FF7EA24AB75CF004B7973 /* ViewController.swift */ = {isa = PBXFileReference; lastKnownFileType = sourcecode.swift; path = ViewController.swift; sourceTree = "<group>"; };
		6C5FF7ED24AB75CF004B7973 /* Base */ = {isa = PBXFileReference; lastKnownFileType = file.storyboard; name = Base; path = Base.lproj/Main.storyboard; sourceTree = "<group>"; };
		6C5FF7EF24AB75D7004B7973 /* Assets.xcassets */ = {isa = PBXFileReference; lastKnownFileType = folder.assetcatalog; path = Assets.xcassets; sourceTree = "<group>"; };
		6C5FF7F224AB75D7004B7973 /* Base */ = {isa = PBXFileReference; lastKnownFileType = file.storyboard; name = Base; path = Base.lproj/LaunchScreen.storyboard; sourceTree = "<group>"; };
		6C5FF7F424AB75D7004B7973 /* Info.plist */ = {isa = PBXFileReference; lastKnownFileType = text.plist.xml; path = Info.plist; sourceTree = "<group>"; };
		6C5FF7FA24AB7D64004B7973 /* NotificationServiceExtension.entitlements */ = {isa = PBXFileReference; lastKnownFileType = text.plist.entitlements; path = NotificationServiceExtension.entitlements; sourceTree = "<group>"; };
		6C5FF7FF24AB97A6004B7973 /* NotificationExtension.appex */ = {isa = PBXFileReference; explicitFileType = "wrapper.app-extension"; includeInIndex = 0; path = NotificationExtension.appex; sourceTree = BUILT_PRODUCTS_DIR; };
		6C5FF80124AB97A6004B7973 /* NotificationService.swift */ = {isa = PBXFileReference; lastKnownFileType = sourcecode.swift; path = NotificationService.swift; sourceTree = "<group>"; };
		6C5FF80324AB97A6004B7973 /* Info.plist */ = {isa = PBXFileReference; lastKnownFileType = text.plist.xml; path = Info.plist; sourceTree = "<group>"; };
		6C5FF81124ABA248004B7973 /* NotificationContent.appex */ = {isa = PBXFileReference; explicitFileType = "wrapper.app-extension"; includeInIndex = 0; path = NotificationContent.appex; sourceTree = BUILT_PRODUCTS_DIR; };
		6C5FF81324ABA248004B7973 /* UserNotifications.framework */ = {isa = PBXFileReference; lastKnownFileType = wrapper.framework; name = UserNotifications.framework; path = System/Library/Frameworks/UserNotifications.framework; sourceTree = SDKROOT; };
		6C5FF81524ABA248004B7973 /* UserNotificationsUI.framework */ = {isa = PBXFileReference; lastKnownFileType = wrapper.framework; name = UserNotificationsUI.framework; path = System/Library/Frameworks/UserNotificationsUI.framework; sourceTree = SDKROOT; };
		6C5FF81824ABA249004B7973 /* NotificationViewController.swift */ = {isa = PBXFileReference; lastKnownFileType = sourcecode.swift; path = NotificationViewController.swift; sourceTree = "<group>"; };
		6C5FF81B24ABA249004B7973 /* Base */ = {isa = PBXFileReference; lastKnownFileType = file.storyboard; name = Base; path = Base.lproj/MainInterface.storyboard; sourceTree = "<group>"; };
		6C5FF81D24ABA249004B7973 /* Info.plist */ = {isa = PBXFileReference; lastKnownFileType = text.plist.xml; path = Info.plist; sourceTree = "<group>"; };
		6CA809CE24ACF0D300997DC3 /* PushModel.swift */ = {isa = PBXFileReference; lastKnownFileType = sourcecode.swift; path = PushModel.swift; sourceTree = "<group>"; };
		6CA809D024ACF2DF00997DC3 /* PushCell.swift */ = {isa = PBXFileReference; lastKnownFileType = sourcecode.swift; path = PushCell.swift; sourceTree = "<group>"; };
		6CA809D124ACF2DF00997DC3 /* PushCell.xib */ = {isa = PBXFileReference; lastKnownFileType = file.xib; path = PushCell.xib; sourceTree = "<group>"; };
/* End PBXFileReference section */

/* Begin PBXFrameworksBuildPhase section */
		6C5FF7E024AB75CF004B7973 /* Frameworks */ = {
			isa = PBXFrameworksBuildPhase;
			buildActionMask = 2147483647;
			files = (
			);
			runOnlyForDeploymentPostprocessing = 0;
		};
		6C5FF7FC24AB97A6004B7973 /* Frameworks */ = {
			isa = PBXFrameworksBuildPhase;
			buildActionMask = 2147483647;
			files = (
			);
			runOnlyForDeploymentPostprocessing = 0;
		};
		6C5FF80E24ABA248004B7973 /* Frameworks */ = {
			isa = PBXFrameworksBuildPhase;
			buildActionMask = 2147483647;
			files = (
				6C5FF81624ABA249004B7973 /* UserNotificationsUI.framework in Frameworks */,
				6C5FF81424ABA248004B7973 /* UserNotifications.framework in Frameworks */,
			);
			runOnlyForDeploymentPostprocessing = 0;
		};
/* End PBXFrameworksBuildPhase section */

/* Begin PBXGroup section */
		6C5FF7DA24AB75CF004B7973 = {
			isa = PBXGroup;
			children = (
				6C5FF7E524AB75CF004B7973 /* NotificationServiceExtension */,
				6C5FF80024AB97A6004B7973 /* NotificationExtension */,
				6C5FF81724ABA249004B7973 /* NotificationContent */,
				6C5FF81224ABA248004B7973 /* Frameworks */,
				6C5FF7E424AB75CF004B7973 /* Products */,
			);
			sourceTree = "<group>";
		};
		6C5FF7E424AB75CF004B7973 /* Products */ = {
			isa = PBXGroup;
			children = (
				6C5FF7E324AB75CF004B7973 /* NotificationServiceExtension.app */,
				6C5FF7FF24AB97A6004B7973 /* NotificationExtension.appex */,
				6C5FF81124ABA248004B7973 /* NotificationContent.appex */,
			);
			name = Products;
			sourceTree = "<group>";
		};
		6C5FF7E524AB75CF004B7973 /* NotificationServiceExtension */ = {
			isa = PBXGroup;
			children = (
				6C5FF7FA24AB7D64004B7973 /* NotificationServiceExtension.entitlements */,
				6C5FF7E624AB75CF004B7973 /* AppDelegate.swift */,
				6C5FF7E824AB75CF004B7973 /* SceneDelegate.swift */,
				6C5FF7EA24AB75CF004B7973 /* ViewController.swift */,
				6CA809CE24ACF0D300997DC3 /* PushModel.swift */,
				6CA809D424ACF2E400997DC3 /* PushCell */,
				6C5FF7EC24AB75CF004B7973 /* Main.storyboard */,
				6C5FF7EF24AB75D7004B7973 /* Assets.xcassets */,
				6C5FF7F124AB75D7004B7973 /* LaunchScreen.storyboard */,
				6C5FF7F424AB75D7004B7973 /* Info.plist */,
			);
			path = NotificationServiceExtension;
			sourceTree = "<group>";
		};
		6C5FF80024AB97A6004B7973 /* NotificationExtension */ = {
			isa = PBXGroup;
			children = (
				6C5FF80124AB97A6004B7973 /* NotificationService.swift */,
				6C5FF80324AB97A6004B7973 /* Info.plist */,
			);
			path = NotificationExtension;
			sourceTree = "<group>";
		};
		6C5FF81224ABA248004B7973 /* Frameworks */ = {
			isa = PBXGroup;
			children = (
				6C5FF81324ABA248004B7973 /* UserNotifications.framework */,
				6C5FF81524ABA248004B7973 /* UserNotificationsUI.framework */,
			);
			name = Frameworks;
			sourceTree = "<group>";
		};
		6C5FF81724ABA249004B7973 /* NotificationContent */ = {
			isa = PBXGroup;
			children = (
				6C5FF81824ABA249004B7973 /* NotificationViewController.swift */,
				6C5FF81A24ABA249004B7973 /* MainInterface.storyboard */,
				6C5FF81D24ABA249004B7973 /* Info.plist */,
			);
			path = NotificationContent;
			sourceTree = "<group>";
		};
		6CA809D424ACF2E400997DC3 /* PushCell */ = {
			isa = PBXGroup;
			children = (
				6CA809D024ACF2DF00997DC3 /* PushCell.swift */,
				6CA809D124ACF2DF00997DC3 /* PushCell.xib */,
			);
			path = PushCell;
			sourceTree = "<group>";
		};
/* End PBXGroup section */

/* Begin PBXNativeTarget section */
		6C5FF7E224AB75CF004B7973 /* NotificationServiceExtension */ = {
			isa = PBXNativeTarget;
			buildConfigurationList = 6C5FF7F724AB75D7004B7973 /* Build configuration list for PBXNativeTarget "NotificationServiceExtension" */;
			buildPhases = (
				6C5FF7DF24AB75CF004B7973 /* Sources */,
				6C5FF7E024AB75CF004B7973 /* Frameworks */,
				6C5FF7E124AB75CF004B7973 /* Resources */,
				6C5FF80A24AB97A6004B7973 /* Embed App Extensions */,
			);
			buildRules = (
			);
			dependencies = (
				6C5FF80524AB97A6004B7973 /* PBXTargetDependency */,
				6C5FF81F24ABA249004B7973 /* PBXTargetDependency */,
			);
			name = NotificationServiceExtension;
			productName = NotificationServiceExtension;
			productReference = 6C5FF7E324AB75CF004B7973 /* NotificationServiceExtension.app */;
			productType = "com.apple.product-type.application";
		};
		6C5FF7FE24AB97A6004B7973 /* NotificationExtension */ = {
			isa = PBXNativeTarget;
			buildConfigurationList = 6C5FF80724AB97A6004B7973 /* Build configuration list for PBXNativeTarget "NotificationExtension" */;
			buildPhases = (
				6C5FF7FB24AB97A6004B7973 /* Sources */,
				6C5FF7FC24AB97A6004B7973 /* Frameworks */,
				6C5FF7FD24AB97A6004B7973 /* Resources */,
			);
			buildRules = (
			);
			dependencies = (
			);
			name = NotificationExtension;
			productName = NotificationExtension;
			productReference = 6C5FF7FF24AB97A6004B7973 /* NotificationExtension.appex */;
			productType = "com.apple.product-type.app-extension";
		};
		6C5FF81024ABA248004B7973 /* NotificationContent */ = {
			isa = PBXNativeTarget;
			buildConfigurationList = 6C5FF82124ABA249004B7973 /* Build configuration list for PBXNativeTarget "NotificationContent" */;
			buildPhases = (
				6C5FF80D24ABA248004B7973 /* Sources */,
				6C5FF80E24ABA248004B7973 /* Frameworks */,
				6C5FF80F24ABA248004B7973 /* Resources */,
			);
			buildRules = (
			);
			dependencies = (
			);
			name = NotificationContent;
			productName = NotificationContent;
			productReference = 6C5FF81124ABA248004B7973 /* NotificationContent.appex */;
			productType = "com.apple.product-type.app-extension";
		};
/* End PBXNativeTarget section */

/* Begin PBXProject section */
		6C5FF7DB24AB75CF004B7973 /* Project object */ = {
			isa = PBXProject;
			attributes = {
				LastSwiftUpdateCheck = 1130;
				LastUpgradeCheck = 1130;
				ORGANIZATIONNAME = "Anton Larchenko";
				TargetAttributes = {
					6C5FF7E224AB75CF004B7973 = {
						CreatedOnToolsVersion = 11.3.1;
					};
					6C5FF7FE24AB97A6004B7973 = {
						CreatedOnToolsVersion = 11.3.1;
					};
					6C5FF81024ABA248004B7973 = {
						CreatedOnToolsVersion = 11.3.1;
					};
				};
			};
			buildConfigurationList = 6C5FF7DE24AB75CF004B7973 /* Build configuration list for PBXProject "NotificationServiceExtension" */;
			compatibilityVersion = "Xcode 9.3";
			developmentRegion = en;
			hasScannedForEncodings = 0;
			knownRegions = (
				en,
				Base,
			);
			mainGroup = 6C5FF7DA24AB75CF004B7973;
			productRefGroup = 6C5FF7E424AB75CF004B7973 /* Products */;
			projectDirPath = "";
			projectRoot = "";
			targets = (
				6C5FF7E224AB75CF004B7973 /* NotificationServiceExtension */,
				6C5FF7FE24AB97A6004B7973 /* NotificationExtension */,
				6C5FF81024ABA248004B7973 /* NotificationContent */,
			);
		};
/* End PBXProject section */

/* Begin PBXResourcesBuildPhase section */
		6C5FF7E124AB75CF004B7973 /* Resources */ = {
			isa = PBXResourcesBuildPhase;
			buildActionMask = 2147483647;
			files = (
				6C5FF7F324AB75D7004B7973 /* LaunchScreen.storyboard in Resources */,
				6CA809D324ACF2DF00997DC3 /* PushCell.xib in Resources */,
				6C5FF7F024AB75D7004B7973 /* Assets.xcassets in Resources */,
				6C5FF7EE24AB75CF004B7973 /* Main.storyboard in Resources */,
			);
			runOnlyForDeploymentPostprocessing = 0;
		};
		6C5FF7FD24AB97A6004B7973 /* Resources */ = {
			isa = PBXResourcesBuildPhase;
			buildActionMask = 2147483647;
			files = (
			);
			runOnlyForDeploymentPostprocessing = 0;
		};
		6C5FF80F24ABA248004B7973 /* Resources */ = {
			isa = PBXResourcesBuildPhase;
			buildActionMask = 2147483647;
			files = (
				6C5FF81C24ABA249004B7973 /* MainInterface.storyboard in Resources */,
			);
			runOnlyForDeploymentPostprocessing = 0;
		};
/* End PBXResourcesBuildPhase section */

/* Begin PBXSourcesBuildPhase section */
		6C5FF7DF24AB75CF004B7973 /* Sources */ = {
			isa = PBXSourcesBuildPhase;
			buildActionMask = 2147483647;
			files = (
				6CA809CF24ACF0D300997DC3 /* PushModel.swift in Sources */,
				6C5FF7EB24AB75CF004B7973 /* ViewController.swift in Sources */,
				6CA809D224ACF2DF00997DC3 /* PushCell.swift in Sources */,
				6C5FF7E724AB75CF004B7973 /* AppDelegate.swift in Sources */,
				6C5FF7E924AB75CF004B7973 /* SceneDelegate.swift in Sources */,
			);
			runOnlyForDeploymentPostprocessing = 0;
		};
		6C5FF7FB24AB97A6004B7973 /* Sources */ = {
			isa = PBXSourcesBuildPhase;
			buildActionMask = 2147483647;
			files = (
				6C5FF80224AB97A6004B7973 /* NotificationService.swift in Sources */,
			);
			runOnlyForDeploymentPostprocessing = 0;
		};
		6C5FF80D24ABA248004B7973 /* Sources */ = {
			isa = PBXSourcesBuildPhase;
			buildActionMask = 2147483647;
			files = (
				6C5FF81924ABA249004B7973 /* NotificationViewController.swift in Sources */,
			);
			runOnlyForDeploymentPostprocessing = 0;
		};
/* End PBXSourcesBuildPhase section */

/* Begin PBXTargetDependency section */
		6C5FF80524AB97A6004B7973 /* PBXTargetDependency */ = {
			isa = PBXTargetDependency;
			target = 6C5FF7FE24AB97A6004B7973 /* NotificationExtension */;
			targetProxy = 6C5FF80424AB97A6004B7973 /* PBXContainerItemProxy */;
		};
		6C5FF81F24ABA249004B7973 /* PBXTargetDependency */ = {
			isa = PBXTargetDependency;
			target = 6C5FF81024ABA248004B7973 /* NotificationContent */;
			targetProxy = 6C5FF81E24ABA249004B7973 /* PBXContainerItemProxy */;
		};
/* End PBXTargetDependency section */

/* Begin PBXVariantGroup section */
		6C5FF7EC24AB75CF004B7973 /* Main.storyboard */ = {
			isa = PBXVariantGroup;
			children = (
				6C5FF7ED24AB75CF004B7973 /* Base */,
			);
			name = Main.storyboard;
			sourceTree = "<group>";
		};
		6C5FF7F124AB75D7004B7973 /* LaunchScreen.storyboard */ = {
			isa = PBXVariantGroup;
			children = (
				6C5FF7F224AB75D7004B7973 /* Base */,
			);
			name = LaunchScreen.storyboard;
			sourceTree = "<group>";
		};
		6C5FF81A24ABA249004B7973 /* MainInterface.storyboard */ = {
			isa = PBXVariantGroup;
			children = (
				6C5FF81B24ABA249004B7973 /* Base */,
			);
			name = MainInterface.storyboard;
			sourceTree = "<group>";
		};
/* End PBXVariantGroup section */

/* Begin XCBuildConfiguration section */
		6C5FF7F524AB75D7004B7973 /* Debug */ = {
			isa = XCBuildConfiguration;
			buildSettings = {
				ALWAYS_SEARCH_USER_PATHS = NO;
				CLANG_ANALYZER_NONNULL = YES;
				CLANG_ANALYZER_NUMBER_OBJECT_CONVERSION = YES_AGGRESSIVE;
				CLANG_CXX_LANGUAGE_STANDARD = "gnu++14";
				CLANG_CXX_LIBRARY = "libc++";
				CLANG_ENABLE_MODULES = YES;
				CLANG_ENABLE_OBJC_ARC = YES;
				CLANG_ENABLE_OBJC_WEAK = YES;
				CLANG_WARN_BLOCK_CAPTURE_AUTORELEASING = YES;
				CLANG_WARN_BOOL_CONVERSION = YES;
				CLANG_WARN_COMMA = YES;
				CLANG_WARN_CONSTANT_CONVERSION = YES;
				CLANG_WARN_DEPRECATED_OBJC_IMPLEMENTATIONS = YES;
				CLANG_WARN_DIRECT_OBJC_ISA_USAGE = YES_ERROR;
				CLANG_WARN_DOCUMENTATION_COMMENTS = YES;
				CLANG_WARN_EMPTY_BODY = YES;
				CLANG_WARN_ENUM_CONVERSION = YES;
				CLANG_WARN_INFINITE_RECURSION = YES;
				CLANG_WARN_INT_CONVERSION = YES;
				CLANG_WARN_NON_LITERAL_NULL_CONVERSION = YES;
				CLANG_WARN_OBJC_IMPLICIT_RETAIN_SELF = YES;
				CLANG_WARN_OBJC_LITERAL_CONVERSION = YES;
				CLANG_WARN_OBJC_ROOT_CLASS = YES_ERROR;
				CLANG_WARN_RANGE_LOOP_ANALYSIS = YES;
				CLANG_WARN_STRICT_PROTOTYPES = YES;
				CLANG_WARN_SUSPICIOUS_MOVE = YES;
				CLANG_WARN_UNGUARDED_AVAILABILITY = YES_AGGRESSIVE;
				CLANG_WARN_UNREACHABLE_CODE = YES;
				CLANG_WARN__DUPLICATE_METHOD_MATCH = YES;
				COPY_PHASE_STRIP = NO;
				DEBUG_INFORMATION_FORMAT = dwarf;
				ENABLE_STRICT_OBJC_MSGSEND = YES;
				ENABLE_TESTABILITY = YES;
				GCC_C_LANGUAGE_STANDARD = gnu11;
				GCC_DYNAMIC_NO_PIC = NO;
				GCC_NO_COMMON_BLOCKS = YES;
				GCC_OPTIMIZATION_LEVEL = 0;
				GCC_PREPROCESSOR_DEFINITIONS = (
					"DEBUG=1",
					"$(inherited)",
				);
				GCC_WARN_64_TO_32_BIT_CONVERSION = YES;
				GCC_WARN_ABOUT_RETURN_TYPE = YES_ERROR;
				GCC_WARN_UNDECLARED_SELECTOR = YES;
				GCC_WARN_UNINITIALIZED_AUTOS = YES_AGGRESSIVE;
				GCC_WARN_UNUSED_FUNCTION = YES;
				GCC_WARN_UNUSED_VARIABLE = YES;
				IPHONEOS_DEPLOYMENT_TARGET = 13.2;
				MTL_ENABLE_DEBUG_INFO = INCLUDE_SOURCE;
				MTL_FAST_MATH = YES;
				ONLY_ACTIVE_ARCH = YES;
				SDKROOT = iphoneos;
				SWIFT_ACTIVE_COMPILATION_CONDITIONS = DEBUG;
				SWIFT_OPTIMIZATION_LEVEL = "-Onone";
			};
			name = Debug;
		};
		6C5FF7F624AB75D7004B7973 /* Release */ = {
			isa = XCBuildConfiguration;
			buildSettings = {
				ALWAYS_SEARCH_USER_PATHS = NO;
				CLANG_ANALYZER_NONNULL = YES;
				CLANG_ANALYZER_NUMBER_OBJECT_CONVERSION = YES_AGGRESSIVE;
				CLANG_CXX_LANGUAGE_STANDARD = "gnu++14";
				CLANG_CXX_LIBRARY = "libc++";
				CLANG_ENABLE_MODULES = YES;
				CLANG_ENABLE_OBJC_ARC = YES;
				CLANG_ENABLE_OBJC_WEAK = YES;
				CLANG_WARN_BLOCK_CAPTURE_AUTORELEASING = YES;
				CLANG_WARN_BOOL_CONVERSION = YES;
				CLANG_WARN_COMMA = YES;
				CLANG_WARN_CONSTANT_CONVERSION = YES;
				CLANG_WARN_DEPRECATED_OBJC_IMPLEMENTATIONS = YES;
				CLANG_WARN_DIRECT_OBJC_ISA_USAGE = YES_ERROR;
				CLANG_WARN_DOCUMENTATION_COMMENTS = YES;
				CLANG_WARN_EMPTY_BODY = YES;
				CLANG_WARN_ENUM_CONVERSION = YES;
				CLANG_WARN_INFINITE_RECURSION = YES;
				CLANG_WARN_INT_CONVERSION = YES;
				CLANG_WARN_NON_LITERAL_NULL_CONVERSION = YES;
				CLANG_WARN_OBJC_IMPLICIT_RETAIN_SELF = YES;
				CLANG_WARN_OBJC_LITERAL_CONVERSION = YES;
				CLANG_WARN_OBJC_ROOT_CLASS = YES_ERROR;
				CLANG_WARN_RANGE_LOOP_ANALYSIS = YES;
				CLANG_WARN_STRICT_PROTOTYPES = YES;
				CLANG_WARN_SUSPICIOUS_MOVE = YES;
				CLANG_WARN_UNGUARDED_AVAILABILITY = YES_AGGRESSIVE;
				CLANG_WARN_UNREACHABLE_CODE = YES;
				CLANG_WARN__DUPLICATE_METHOD_MATCH = YES;
				COPY_PHASE_STRIP = NO;
				DEBUG_INFORMATION_FORMAT = "dwarf-with-dsym";
				ENABLE_NS_ASSERTIONS = NO;
				ENABLE_STRICT_OBJC_MSGSEND = YES;
				GCC_C_LANGUAGE_STANDARD = gnu11;
				GCC_NO_COMMON_BLOCKS = YES;
				GCC_WARN_64_TO_32_BIT_CONVERSION = YES;
				GCC_WARN_ABOUT_RETURN_TYPE = YES_ERROR;
				GCC_WARN_UNDECLARED_SELECTOR = YES;
				GCC_WARN_UNINITIALIZED_AUTOS = YES_AGGRESSIVE;
				GCC_WARN_UNUSED_FUNCTION = YES;
				GCC_WARN_UNUSED_VARIABLE = YES;
				IPHONEOS_DEPLOYMENT_TARGET = 13.2;
				MTL_ENABLE_DEBUG_INFO = NO;
				MTL_FAST_MATH = YES;
				SDKROOT = iphoneos;
				SWIFT_COMPILATION_MODE = wholemodule;
				SWIFT_OPTIMIZATION_LEVEL = "-O";
				VALIDATE_PRODUCT = YES;
			};
			name = Release;
		};
		6C5FF7F824AB75D7004B7973 /* Debug */ = {
			isa = XCBuildConfiguration;
			buildSettings = {
				ALWAYS_EMBED_SWIFT_STANDARD_LIBRARIES = YES;
				ASSETCATALOG_COMPILER_APPICON_NAME = AppIcon;
				CODE_SIGN_ENTITLEMENTS = NotificationServiceExtension/NotificationServiceExtension.entitlements;
				CODE_SIGN_IDENTITY = "Apple Development";
				CODE_SIGN_STYLE = Automatic;
				DEVELOPMENT_TEAM = KWAG9NLQG9;
				INFOPLIST_FILE = NotificationServiceExtension/Info.plist;
				IPHONEOS_DEPLOYMENT_TARGET = 12.0;
				LD_RUNPATH_SEARCH_PATHS = (
					"$(inherited)",
					"@executable_path/Frameworks",
				);
				PRODUCT_BUNDLE_IDENTIFIER = com.antonlarchenko.NotificationServiceExtension;
				PRODUCT_NAME = "$(TARGET_NAME)";
				PROVISIONING_PROFILE_SPECIFIER = "";
				SWIFT_VERSION = 5.0;
				TARGETED_DEVICE_FAMILY = "1,2";
			};
			name = Debug;
		};
		6C5FF7F924AB75D7004B7973 /* Release */ = {
			isa = XCBuildConfiguration;
			buildSettings = {
				ALWAYS_EMBED_SWIFT_STANDARD_LIBRARIES = YES;
				ASSETCATALOG_COMPILER_APPICON_NAME = AppIcon;
				CODE_SIGN_ENTITLEMENTS = NotificationServiceExtension/NotificationServiceExtension.entitlements;
				CODE_SIGN_IDENTITY = "Apple Development";
				CODE_SIGN_STYLE = Automatic;
				DEVELOPMENT_TEAM = KWAG9NLQG9;
				INFOPLIST_FILE = NotificationServiceExtension/Info.plist;
				IPHONEOS_DEPLOYMENT_TARGET = 12.0;
				LD_RUNPATH_SEARCH_PATHS = (
					"$(inherited)",
					"@executable_path/Frameworks",
				);
				PRODUCT_BUNDLE_IDENTIFIER = com.antonlarchenko.NotificationServiceExtension;
				PRODUCT_NAME = "$(TARGET_NAME)";
				PROVISIONING_PROFILE_SPECIFIER = "";
				SWIFT_VERSION = 5.0;
				TARGETED_DEVICE_FAMILY = "1,2";
			};
			name = Release;
		};
		6C5FF80824AB97A6004B7973 /* Debug */ = {
			isa = XCBuildConfiguration;
			buildSettings = {
				CODE_SIGN_IDENTITY = "Apple Development";
				CODE_SIGN_STYLE = Automatic;
				DEVELOPMENT_TEAM = KWAG9NLQG9;
				INFOPLIST_FILE = NotificationExtension/Info.plist;
				LD_RUNPATH_SEARCH_PATHS = (
					"$(inherited)",
					"@executable_path/Frameworks",
					"@executable_path/../../Frameworks",
				);
				PRODUCT_BUNDLE_IDENTIFIER = com.antonlarchenko.NotificationServiceExtension.NotificationExtension;
				PRODUCT_NAME = "$(TARGET_NAME)";
				SKIP_INSTALL = YES;
				SWIFT_VERSION = 5.0;
				TARGETED_DEVICE_FAMILY = "1,2";
			};
			name = Debug;
		};
		6C5FF80924AB97A6004B7973 /* Release */ = {
			isa = XCBuildConfiguration;
			buildSettings = {
				CODE_SIGN_IDENTITY = "Apple Development";
				CODE_SIGN_STYLE = Automatic;
				DEVELOPMENT_TEAM = KWAG9NLQG9;
				INFOPLIST_FILE = NotificationExtension/Info.plist;
				LD_RUNPATH_SEARCH_PATHS = (
					"$(inherited)",
					"@executable_path/Frameworks",
					"@executable_path/../../Frameworks",
				);
				PRODUCT_BUNDLE_IDENTIFIER = com.antonlarchenko.NotificationServiceExtension.NotificationExtension;
				PRODUCT_NAME = "$(TARGET_NAME)";
				SKIP_INSTALL = YES;
				SWIFT_VERSION = 5.0;
				TARGETED_DEVICE_FAMILY = "1,2";
			};
			name = Release;
		};
		6C5FF82224ABA249004B7973 /* Debug */ = {
			isa = XCBuildConfiguration;
			buildSettings = {
				CODE_SIGN_IDENTITY = "Apple Development";
				CODE_SIGN_STYLE = Automatic;
				DEVELOPMENT_TEAM = KWAG9NLQG9;
				INFOPLIST_FILE = NotificationContent/Info.plist;
				LD_RUNPATH_SEARCH_PATHS = (
					"$(inherited)",
					"@executable_path/Frameworks",
					"@executable_path/../../Frameworks",
				);
				PRODUCT_BUNDLE_IDENTIFIER = com.antonlarchenko.NotificationServiceExtension.NotificationContent;
				PRODUCT_NAME = "$(TARGET_NAME)";
				SKIP_INSTALL = YES;
				SWIFT_VERSION = 5.0;
				TARGETED_DEVICE_FAMILY = "1,2";
			};
			name = Debug;
		};
		6C5FF82324ABA249004B7973 /* Release */ = {
			isa = XCBuildConfiguration;
			buildSettings = {
				CODE_SIGN_IDENTITY = "Apple Development";
				CODE_SIGN_STYLE = Automatic;
				DEVELOPMENT_TEAM = KWAG9NLQG9;
				INFOPLIST_FILE = NotificationContent/Info.plist;
				LD_RUNPATH_SEARCH_PATHS = (
					"$(inherited)",
					"@executable_path/Frameworks",
					"@executable_path/../../Frameworks",
				);
				PRODUCT_BUNDLE_IDENTIFIER = com.antonlarchenko.NotificationServiceExtension.NotificationContent;
				PRODUCT_NAME = "$(TARGET_NAME)";
				SKIP_INSTALL = YES;
				SWIFT_VERSION = 5.0;
				TARGETED_DEVICE_FAMILY = "1,2";
			};
			name = Release;
		};
/* End XCBuildConfiguration section */

/* Begin XCConfigurationList section */
		6C5FF7DE24AB75CF004B7973 /* Build configuration list for PBXProject "NotificationServiceExtension" */ = {
			isa = XCConfigurationList;
			buildConfigurations = (
				6C5FF7F524AB75D7004B7973 /* Debug */,
				6C5FF7F624AB75D7004B7973 /* Release */,
			);
			defaultConfigurationIsVisible = 0;
			defaultConfigurationName = Release;
		};
		6C5FF7F724AB75D7004B7973 /* Build configuration list for PBXNativeTarget "NotificationServiceExtension" */ = {
			isa = XCConfigurationList;
			buildConfigurations = (
				6C5FF7F824AB75D7004B7973 /* Debug */,
				6C5FF7F924AB75D7004B7973 /* Release */,
			);
			defaultConfigurationIsVisible = 0;
			defaultConfigurationName = Release;
		};
		6C5FF80724AB97A6004B7973 /* Build configuration list for PBXNativeTarget "NotificationExtension" */ = {
			isa = XCConfigurationList;
			buildConfigurations = (
				6C5FF80824AB97A6004B7973 /* Debug */,
				6C5FF80924AB97A6004B7973 /* Release */,
			);
			defaultConfigurationIsVisible = 0;
			defaultConfigurationName = Release;
		};
		6C5FF82124ABA249004B7973 /* Build configuration list for PBXNativeTarget "NotificationContent" */ = {
			isa = XCConfigurationList;
			buildConfigurations = (
				6C5FF82224ABA249004B7973 /* Debug */,
				6C5FF82324ABA249004B7973 /* Release */,
			);
			defaultConfigurationIsVisible = 0;
			defaultConfigurationName = Release;
		};
/* End XCConfigurationList section */
	};
	rootObject = 6C5FF7DB24AB75CF004B7973 /* Project object */;
}
